
Microsoft Visual Studio Solution File, Format Version 10.00
# Visual Studio 2008
Project("{FAE04EC0-301F-11D3-BF4B-00C04F79EFBC}") = "Jomura.Framework", "Jomura.Framework\Jomura.Framework.csproj", "{D34939DA-45B5-4CEB-A321-66BBD194CB7F}"
EndProject
Project("{2150E333-8FDC-42A3-9474-1A3956D46DE8}") = "ExternalAssemblies", "ExternalAssemblies", "{CACA91CA-5A97-403F-A29A-A7A0DB767535}"
	ProjectSection(SolutionItems) = preProject
		ExternalAssemblies\nunit.framework.dll = ExternalAssemblies\nunit.framework.dll
	EndProjectSection
EndProject
Project("{FAE04EC0-301F-11D3-BF4B-00C04F79EFBC}") = "Test.Jomura.Framework", "Test.Jomura.Framework\Test.Jomura.Framework.csproj", "{6F5AE11C-0DF9-4027-91E0-D952F83A0601}"
EndProject
Project("{E24C65DC-7377-472B-9ABA-BC803B73C61A}") = "Test.HttpTrace", "Test.HttpTrace\", "{2B843C2B-2948-4AD6-BB2E-FFC36996E7AE}"
	ProjectSection(WebsiteProperties) = preProject
		SccProjectName = "Svn"
		SccAuxPath = "Svn"
		SccLocalPath = "Svn"
		SccProvider = "SubversionScc"
		TargetFramework = "2.0"
		ProjectReferences = "{D34939DA-45B5-4CEB-A321-66BBD194CB7F}|Jomura.dll;"
		Debug.AspNetCompiler.VirtualPath = "/Test.HttpTrace"
		Debug.AspNetCompiler.PhysicalPath = "Test.HttpTrace\"
		Debug.AspNetCompiler.TargetPath = "PrecompiledWeb\Test.HttpTrace\"
		Debug.AspNetCompiler.Updateable = "true"
		Debug.AspNetCompiler.ForceOverwrite = "true"
		Debug.AspNetCompiler.FixedNames = "false"
		Debug.AspNetCompiler.Debug = "True"
		Release.AspNetCompiler.VirtualPath = "/Test.HttpTrace"
		Release.AspNetCompiler.PhysicalPath = "Test.HttpTrace\"
		Release.AspNetCompiler.TargetPath = "PrecompiledWeb\Test.HttpTrace\"
		Release.AspNetCompiler.Updateable = "true"
		Release.AspNetCompiler.ForceOverwrite = "true"
		Release.AspNetCompiler.FixedNames = "false"
		Release.AspNetCompiler.Debug = "False"
		VWDPort = "2245"
		StartServerOnDebug = "false"
	EndProjectSection
EndProject
Project("{E24C65DC-7377-472B-9ABA-BC803B73C61A}") = "Jomura.Framework.WebSite", "Jomura.Framework.WebSite\", "{CC554C20-9095-4104-A665-5F1285D4595F}"
	ProjectSection(WebsiteProperties) = preProject
		TargetFramework = "3.5"
		Debug.AspNetCompiler.VirtualPath = "/Jomura.Framework.WebSite"
		Debug.AspNetCompiler.PhysicalPath = "Jomura.Framework.WebSite\"
		Debug.AspNetCompiler.TargetPath = "PrecompiledWeb\Jomura.Framework.WebSite\"
		Debug.AspNetCompiler.Updateable = "true"
		Debug.AspNetCompiler.ForceOverwrite = "true"
		Debug.AspNetCompiler.FixedNames = "false"
		Debug.AspNetCompiler.Debug = "True"
		Release.AspNetCompiler.VirtualPath = "/Jomura.Framework.WebSite"
		Release.AspNetCompiler.PhysicalPath = "Jomura.Framework.WebSite\"
		Release.AspNetCompiler.TargetPath = "PrecompiledWeb\Jomura.Framework.WebSite\"
		Release.AspNetCompiler.Updateable = "true"
		Release.AspNetCompiler.ForceOverwrite = "true"
		Release.AspNetCompiler.FixedNames = "false"
		Release.AspNetCompiler.Debug = "False"
		VWDPort = "3220"
		DefaultWebSiteLanguage = "Visual C#"
		StartServerOnDebug = "false"
	EndProjectSection
EndProject
Project("{2150E333-8FDC-42A3-9474-1A3956D46DE8}") = "TestCodes", "TestCodes", "{61B34AC8-16A0-43B7-978A-DE6303DC929D}"
EndProject
Project("{E24C65DC-7377-472B-9ABA-BC803B73C61A}") = "Test.WebControls", "Test.WebControls\", "{E04C9AB2-9299-4CDD-9D6F-3DDB48520B8C}"
	ProjectSection(WebsiteProperties) = preProject
		TargetFramework = "3.5"
		ProjectReferences = "{D34939DA-45B5-4CEB-A321-66BBD194CB7F}|Jomura.Framework.dll;"
		Debug.AspNetCompiler.VirtualPath = "/Test.WebControls"
		Debug.AspNetCompiler.PhysicalPath = "Test.WebControls\"
		Debug.AspNetCompiler.TargetPath = "PrecompiledWeb\Test.WebControls\"
		Debug.AspNetCompiler.Updateable = "true"
		Debug.AspNetCompiler.ForceOverwrite = "true"
		Debug.AspNetCompiler.FixedNames = "false"
		Debug.AspNetCompiler.Debug = "True"
		Release.AspNetCompiler.VirtualPath = "/Test.WebControls"
		Release.AspNetCompiler.PhysicalPath = "Test.WebControls\"
		Release.AspNetCompiler.TargetPath = "PrecompiledWeb\Test.WebControls\"
		Release.AspNetCompiler.Updateable = "true"
		Release.AspNetCompiler.ForceOverwrite = "true"
		Release.AspNetCompiler.FixedNames = "false"
		Release.AspNetCompiler.Debug = "False"
		VWDPort = "1872"
		DefaultWebSiteLanguage = "Visual C#"
		StartServerOnDebug = "false"
	EndProjectSection
EndProject
Project("{FAE04EC0-301F-11D3-BF4B-00C04F79EFBC}") = "Jomura.LogService", "Jomura.LogService\Jomura.LogService.csproj", "{CCDBBCC8-A551-4F6A-BE93-D07A3BE9AE81}"
EndProject
Project("{54435603-DBB4-11D2-8724-00A0C9A8B90C}") = "Jomura.LogServiceSetup", "Jomura.LogServiceSetup\LogServiceSetup.vdproj", "{0B4943F9-3963-453C-AC3C-200B9A807091}"
EndProject
Project("{FAE04EC0-301F-11D3-BF4B-00C04F79EFBC}") = "Test.Jomura.LogService", "Test.Jomura.LogService\Test.Jomura.LogService.csproj", "{48CBC267-2ECD-4B3B-A16D-F5C698B36CEA}"
EndProject
Global
	GlobalSection(SubversionScc) = preSolution
		Svn-Managed = True
		Manager = AnkhSVN - Subversion Support for Visual Studio
	EndGlobalSection
	GlobalSection(SolutionConfigurationPlatforms) = preSolution
		Debug|.NET = Debug|.NET
		Debug|Any CPU = Debug|Any CPU
		Debug|Mixed Platforms = Debug|Mixed Platforms
		Release|.NET = Release|.NET
		Release|Any CPU = Release|Any CPU
		Release|Mixed Platforms = Release|Mixed Platforms
	EndGlobalSection
	GlobalSection(ProjectConfigurationPlatforms) = postSolution
		{D34939DA-45B5-4CEB-A321-66BBD194CB7F}.Debug|.NET.ActiveCfg = Debug|Any CPU
		{D34939DA-45B5-4CEB-A321-66BBD194CB7F}.Debug|Any CPU.ActiveCfg = Debug|Any CPU
		{D34939DA-45B5-4CEB-A321-66BBD194CB7F}.Debug|Any CPU.Build.0 = Debug|Any CPU
		{D34939DA-45B5-4CEB-A321-66BBD194CB7F}.Debug|Mixed Platforms.ActiveCfg = Debug|Any CPU
		{D34939DA-45B5-4CEB-A321-66BBD194CB7F}.Debug|Mixed Platforms.Build.0 = Debug|Any CPU
		{D34939DA-45B5-4CEB-A321-66BBD194CB7F}.Release|.NET.ActiveCfg = Release|Any CPU
		{D34939DA-45B5-4CEB-A321-66BBD194CB7F}.Release|Any CPU.ActiveCfg = Release|Any CPU
		{D34939DA-45B5-4CEB-A321-66BBD194CB7F}.Release|Any CPU.Build.0 = Release|Any CPU
		{D34939DA-45B5-4CEB-A321-66BBD194CB7F}.Release|Mixed Platforms.ActiveCfg = Release|Any CPU
		{D34939DA-45B5-4CEB-A321-66BBD194CB7F}.Release|Mixed Platforms.Build.0 = Release|Any CPU
		{6F5AE11C-0DF9-4027-91E0-D952F83A0601}.Debug|.NET.ActiveCfg = Debug|Any CPU
		{6F5AE11C-0DF9-4027-91E0-D952F83A0601}.Debug|Any CPU.ActiveCfg = Debug|Any CPU
		{6F5AE11C-0DF9-4027-91E0-D952F83A0601}.Debug|Any CPU.Build.0 = Debug|Any CPU
		{6F5AE11C-0DF9-4027-91E0-D952F83A0601}.Debug|Mixed Platforms.ActiveCfg = Debug|Any CPU
		{6F5AE11C-0DF9-4027-91E0-D952F83A0601}.Debug|Mixed Platforms.Build.0 = Debug|Any CPU
		{6F5AE11C-0DF9-4027-91E0-D952F83A0601}.Release|.NET.ActiveCfg = Release|Any CPU
		{6F5AE11C-0DF9-4027-91E0-D952F83A0601}.Release|Any CPU.ActiveCfg = Release|Any CPU
		{6F5AE11C-0DF9-4027-91E0-D952F83A0601}.Release|Any CPU.Build.0 = Release|Any CPU
		{6F5AE11C-0DF9-4027-91E0-D952F83A0601}.Release|Mixed Platforms.ActiveCfg = Release|Any CPU
		{6F5AE11C-0DF9-4027-91E0-D952F83A0601}.Release|Mixed Platforms.Build.0 = Release|Any CPU
		{2B843C2B-2948-4AD6-BB2E-FFC36996E7AE}.Debug|.NET.ActiveCfg = Debug|Any CPU
		{2B843C2B-2948-4AD6-BB2E-FFC36996E7AE}.Debug|Any CPU.ActiveCfg = Debug|Any CPU
		{2B843C2B-2948-4AD6-BB2E-FFC36996E7AE}.Debug|Any CPU.Build.0 = Debug|Any CPU
		{2B843C2B-2948-4AD6-BB2E-FFC36996E7AE}.Debug|Mixed Platforms.ActiveCfg = Debug|Any CPU
		{2B843C2B-2948-4AD6-BB2E-FFC36996E7AE}.Debug|Mixed Platforms.Build.0 = Debug|Any CPU
		{2B843C2B-2948-4AD6-BB2E-FFC36996E7AE}.Release|.NET.ActiveCfg = Debug|Any CPU
		{2B843C2B-2948-4AD6-BB2E-FFC36996E7AE}.Release|Any CPU.ActiveCfg = Debug|Any CPU
		{2B843C2B-2948-4AD6-BB2E-FFC36996E7AE}.Release|Any CPU.Build.0 = Debug|Any CPU
		{2B843C2B-2948-4AD6-BB2E-FFC36996E7AE}.Release|Mixed Platforms.ActiveCfg = Debug|Any CPU
		{2B843C2B-2948-4AD6-BB2E-FFC36996E7AE}.Release|Mixed Platforms.Build.0 = Debug|Any CPU
		{CC554C20-9095-4104-A665-5F1285D4595F}.Debug|.NET.ActiveCfg = Debug|Any CPU
		{CC554C20-9095-4104-A665-5F1285D4595F}.Debug|Any CPU.ActiveCfg = Debug|Any CPU
		{CC554C20-9095-4104-A665-5F1285D4595F}.Debug|Any CPU.Build.0 = Debug|Any CPU
		{CC554C20-9095-4104-A665-5F1285D4595F}.Debug|Mixed Platforms.ActiveCfg = Debug|Any CPU
		{CC554C20-9095-4104-A665-5F1285D4595F}.Debug|Mixed Platforms.Build.0 = Debug|Any CPU
		{CC554C20-9095-4104-A665-5F1285D4595F}.Release|.NET.ActiveCfg = Debug|Any CPU
		{CC554C20-9095-4104-A665-5F1285D4595F}.Release|Any CPU.ActiveCfg = Debug|Any CPU
		{CC554C20-9095-4104-A665-5F1285D4595F}.Release|Any CPU.Build.0 = Debug|Any CPU
		{CC554C20-9095-4104-A665-5F1285D4595F}.Release|Mixed Platforms.ActiveCfg = Debug|Any CPU
		{CC554C20-9095-4104-A665-5F1285D4595F}.Release|Mixed Platforms.Build.0 = Debug|Any CPU
		{E04C9AB2-9299-4CDD-9D6F-3DDB48520B8C}.Debug|.NET.ActiveCfg = Debug|Any CPU
		{E04C9AB2-9299-4CDD-9D6F-3DDB48520B8C}.Debug|Any CPU.ActiveCfg = Debug|Any CPU
		{E04C9AB2-9299-4CDD-9D6F-3DDB48520B8C}.Debug|Any CPU.Build.0 = Debug|Any CPU
		{E04C9AB2-9299-4CDD-9D6F-3DDB48520B8C}.Debug|Mixed Platforms.ActiveCfg = Debug|Any CPU
		{E04C9AB2-9299-4CDD-9D6F-3DDB48520B8C}.Debug|Mixed Platforms.Build.0 = Debug|Any CPU
		{E04C9AB2-9299-4CDD-9D6F-3DDB48520B8C}.Release|.NET.ActiveCfg = Debug|Any CPU
		{E04C9AB2-9299-4CDD-9D6F-3DDB48520B8C}.Release|Any CPU.ActiveCfg = Debug|Any CPU
		{E04C9AB2-9299-4CDD-9D6F-3DDB48520B8C}.Release|Any CPU.Build.0 = Debug|Any CPU
		{E04C9AB2-9299-4CDD-9D6F-3DDB48520B8C}.Release|Mixed Platforms.ActiveCfg = Debug|Any CPU
		{E04C9AB2-9299-4CDD-9D6F-3DDB48520B8C}.Release|Mixed Platforms.Build.0 = Debug|Any CPU
		{CCDBBCC8-A551-4F6A-BE93-D07A3BE9AE81}.Debug|.NET.ActiveCfg = Debug|Any CPU
		{CCDBBCC8-A551-4F6A-BE93-D07A3BE9AE81}.Debug|Any CPU.ActiveCfg = Debug|Any CPU
		{CCDBBCC8-A551-4F6A-BE93-D07A3BE9AE81}.Debug|Any CPU.Build.0 = Debug|Any CPU
		{CCDBBCC8-A551-4F6A-BE93-D07A3BE9AE81}.Debug|Mixed Platforms.ActiveCfg = Debug|Any CPU
		{CCDBBCC8-A551-4F6A-BE93-D07A3BE9AE81}.Debug|Mixed Platforms.Build.0 = Debug|Any CPU
		{CCDBBCC8-A551-4F6A-BE93-D07A3BE9AE81}.Release|.NET.ActiveCfg = Release|Any CPU
		{CCDBBCC8-A551-4F6A-BE93-D07A3BE9AE81}.Release|Any CPU.ActiveCfg = Release|Any CPU
		{CCDBBCC8-A551-4F6A-BE93-D07A3BE9AE81}.Release|Any CPU.Build.0 = Release|Any CPU
		{CCDBBCC8-A551-4F6A-BE93-D07A3BE9AE81}.Release|Mixed Platforms.ActiveCfg = Release|Any CPU
		{CCDBBCC8-A551-4F6A-BE93-D07A3BE9AE81}.Release|Mixed Platforms.Build.0 = Release|Any CPU
		{0B4943F9-3963-453C-AC3C-200B9A807091}.Debug|.NET.ActiveCfg = Debug
		{0B4943F9-3963-453C-AC3C-200B9A807091}.Debug|.NET.Build.0 = Debug
		{0B4943F9-3963-453C-AC3C-200B9A807091}.Debug|Any CPU.ActiveCfg = Debug
		{0B4943F9-3963-453C-AC3C-200B9A807091}.Debug|Any CPU.Build.0 = Debug
		{0B4943F9-3963-453C-AC3C-200B9A807091}.Debug|Mixed Platforms.ActiveCfg = Debug
		{0B4943F9-3963-453C-AC3C-200B9A807091}.Debug|Mixed Platforms.Build.0 = Debug
		{0B4943F9-3963-453C-AC3C-200B9A807091}.Release|.NET.ActiveCfg = Release
		{0B4943F9-3963-453C-AC3C-200B9A807091}.Release|.NET.Build.0 = Release
		{0B4943F9-3963-453C-AC3C-200B9A807091}.Release|Any CPU.ActiveCfg = Release
		{0B4943F9-3963-453C-AC3C-200B9A807091}.Release|Any CPU.Build.0 = Release
		{0B4943F9-3963-453C-AC3C-200B9A807091}.Release|Mixed Platforms.ActiveCfg = Release
		{0B4943F9-3963-453C-AC3C-200B9A807091}.Release|Mixed Platforms.Build.0 = Release
		{48CBC267-2ECD-4B3B-A16D-F5C698B36CEA}.Debug|.NET.ActiveCfg = Debug|Any CPU
		{48CBC267-2ECD-4B3B-A16D-F5C698B36CEA}.Debug|Any CPU.ActiveCfg = Debug|Any CPU
		{48CBC267-2ECD-4B3B-A16D-F5C698B36CEA}.Debug|Any CPU.Build.0 = Debug|Any CPU
		{48CBC267-2ECD-4B3B-A16D-F5C698B36CEA}.Debug|Mixed Platforms.ActiveCfg = Debug|Any CPU
		{48CBC267-2ECD-4B3B-A16D-F5C698B36CEA}.Debug|Mixed Platforms.Build.0 = Debug|Any CPU
		{48CBC267-2ECD-4B3B-A16D-F5C698B36CEA}.Release|.NET.ActiveCfg = Release|Any CPU
		{48CBC267-2ECD-4B3B-A16D-F5C698B36CEA}.Release|Any CPU.ActiveCfg = Release|Any CPU
		{48CBC267-2ECD-4B3B-A16D-F5C698B36CEA}.Release|Any CPU.Build.0 = Release|Any CPU
		{48CBC267-2ECD-4B3B-A16D-F5C698B36CEA}.Release|Mixed Platforms.ActiveCfg = Release|Any CPU
		{48CBC267-2ECD-4B3B-A16D-F5C698B36CEA}.Release|Mixed Platforms.Build.0 = Release|Any CPU
	EndGlobalSection
	GlobalSection(SolutionProperties) = preSolution
		HideSolutionNode = FALSE
	EndGlobalSection
	GlobalSection(NestedProjects) = preSolution
		{2B843C2B-2948-4AD6-BB2E-FFC36996E7AE} = {61B34AC8-16A0-43B7-978A-DE6303DC929D}
		{6F5AE11C-0DF9-4027-91E0-D952F83A0601} = {61B34AC8-16A0-43B7-978A-DE6303DC929D}
		{E04C9AB2-9299-4CDD-9D6F-3DDB48520B8C} = {61B34AC8-16A0-43B7-978A-DE6303DC929D}
		{48CBC267-2ECD-4B3B-A16D-F5C698B36CEA} = {61B34AC8-16A0-43B7-978A-DE6303DC929D}
	EndGlobalSection
EndGlobal
